{
  "name": "solarmining",
  "version": "1.0.0",
  "lockfileVersion": 2,
  "requires": true,
  "packages": {
    "": {
      "name": "solarmining",
      "version": "1.0.0",
      "license": "ISC",
      "dependencies": {
        "axios": "^0.21.1",
        "ps-node": "^0.1.6",
        "wake_on_lan": "^1.0.0"
      }
    },
    "node_modules/axios": {
      "version": "0.21.1",
      "resolved": "https://repo.plus4u.net/operatorGate/repository/npm/axios/-/axios-0.21.1.tgz",
      "integrity": "sha512-dKQiRHxGD9PPRIUNIWvZhPTPpl1rf/OxTYKsqKUDjBwYylTvV7SjSHJb9ratfyzM6wCdLCOYLzs73qpg5c4iGA==",
      "license": "MIT",
      "dependencies": {
        "follow-redirects": "^1.10.0"
      }
    },
    "node_modules/connected-domain": {
      "version": "1.0.0",
      "resolved": "https://repo.plus4u.net/operatorGate/repository/npm/connected-domain/-/connected-domain-1.0.0.tgz",
      "integrity": "sha1-v+dyOMdL5FOnnwy2BY3utPI1jpM=",
      "license": "MIT"
    },
    "node_modules/follow-redirects": {
      "version": "1.13.3",
      "resolved": "https://repo.plus4u.net/operatorGate/repository/npm/follow-redirects/-/follow-redirects-1.13.3.tgz",
      "integrity": "sha512-DUgl6+HDzB0iEptNQEXLx/KhTmDb8tZUHSeLqpnjpknR70H0nC2t9N73BK6fN4hOvJ84pKlIQVQ4k5FFlBedKA==",
      "funding": [
        {
          "type": "individual",
          "url": "https://github.com/sponsors/RubenVerborgh"
        }
      ],
      "license": "MIT",
      "engines": {
        "node": ">=4.0"
      },
      "peerDependenciesMeta": {
        "debug": {
          "optional": true
        }
      }
    },
    "node_modules/minimist": {
      "version": "1.2.5",
      "resolved": "https://repo.plus4u.net/operatorGate/repository/npm/minimist/-/minimist-1.2.5.tgz",
      "integrity": "sha512-FM9nNUYrRBAELZQT3xeZQ7fmMOBg6nWNmJKTcgsJeaLstP/UODVpGsr5OhXhhXg6f+qtJ8uiZ+PUxkDWcgIXLw==",
      "license": "MIT"
    },
    "node_modules/ps-node": {
      "version": "0.1.6",
      "resolved": "https://repo.plus4u.net/operatorGate/repository/npm/ps-node/-/ps-node-0.1.6.tgz",
      "integrity": "sha1-mvZ6mdex0BMuUaUDCZ04qNKs4sM=",
      "license": "MIT",
      "dependencies": {
        "table-parser": "^0.1.3"
      }
    },
    "node_modules/table-parser": {
      "version": "0.1.3",
      "resolved": "https://repo.plus4u.net/operatorGate/repository/npm/table-parser/-/table-parser-0.1.3.tgz",
      "integrity": "sha1-BEHPzhallIFoTCfRtaZ/8VpDx7A=",
      "license": "MIT",
      "dependencies": {
        "connected-domain": "^1.0.0"
      }
    },
    "node_modules/wake_on_lan": {
      "version": "1.0.0",
      "resolved": "https://repo.plus4u.net/operatorGate/repository/npm/wake_on_lan/-/wake_on_lan-1.0.0.tgz",
      "integrity": "sha1-UWUZ7lq0GmUteci9VwT85uzUzbI=",
      "license": "MIT",
      "dependencies": {
        "minimist": "^1.2.0"
      },
      "bin": {
        "wake": "wake"
      }
    }
  },
  "dependencies": {
    "axios": {
      "version": "0.21.1",
      "resolved": "https://repo.plus4u.net/operatorGate/repository/npm/axios/-/axios-0.21.1.tgz",
      "integrity": "sha512-dKQiRHxGD9PPRIUNIWvZhPTPpl1rf/OxTYKsqKUDjBwYylTvV7SjSHJb9ratfyzM6wCdLCOYLzs73qpg5c4iGA==",
      "requires": {
        "follow-redirects": "^1.10.0"
      }
    },
    "connected-domain": {
      "version": "1.0.0",
      "resolved": "https://repo.plus4u.net/operatorGate/repository/npm/connected-domain/-/connected-domain-1.0.0.tgz",
      "integrity": "sha1-v+dyOMdL5FOnnwy2BY3utPI1jpM="
    },
    "follow-redirects": {
      "version": "1.13.3",
      "resolved": "https://repo.plus4u.net/operatorGate/repository/npm/follow-redirects/-/follow-redirects-1.13.3.tgz",
      "integrity": "sha512-DUgl6+HDzB0iEptNQEXLx/KhTmDb8tZUHSeLqpnjpknR70H0nC2t9N73BK6fN4hOvJ84pKlIQVQ4k5FFlBedKA=="
    },
    "minimist": {
      "version": "1.2.5",
      "resolved": "https://repo.plus4u.net/operatorGate/repository/npm/minimist/-/minimist-1.2.5.tgz",
      "integrity": "sha512-FM9nNUYrRBAELZQT3xeZQ7fmMOBg6nWNmJKTcgsJeaLstP/UODVpGsr5OhXhhXg6f+qtJ8uiZ+PUxkDWcgIXLw=="
    },
    "ps-node": {
      "version": "0.1.6",
      "resolved": "https://repo.plus4u.net/operatorGate/repository/npm/ps-node/-/ps-node-0.1.6.tgz",
      "integrity": "sha1-mvZ6mdex0BMuUaUDCZ04qNKs4sM=",
      "requires": {
        "table-parser": "^0.1.3"
      }
    },
    "table-parser": {
      "version": "0.1.3",
      "resolved": "https://repo.plus4u.net/operatorGate/repository/npm/table-parser/-/table-parser-0.1.3.tgz",
      "integrity": "sha1-BEHPzhallIFoTCfRtaZ/8VpDx7A=",
      "requires": {
        "connected-domain": "^1.0.0"
      }
    },
    "wake_on_lan": {
      "version": "1.0.0",
      "resolved": "https://repo.plus4u.net/operatorGate/repository/npm/wake_on_lan/-/wake_on_lan-1.0.0.tgz",
      "integrity": "sha1-UWUZ7lq0GmUteci9VwT85uzUzbI=",
      "requires": {
        "minimist": "^1.2.0"
      }
    }
  }
}
